
Microsoft Visual Studio Solution File, Format Version 12.00
Project("{FAE04EC0-301F-11D3-BF4B-00C04F79EFBC}") = "war", "war\war.csproj", "{50799327-D565-4C21-B34E-C00AD66B5BEC}"
EndProject
Global
	GlobalSection(SolutionConfigurationPlatforms) = preSolution
		Debug|Any CPU = Debug|Any CPU
		Release|Any CPU = Release|Any CPU
	EndGlobalSection
	GlobalSection(ProjectConfigurationPlatforms) = postSolution
		{50799327-D565-4C21-B34E-C00AD66B5BEC}.Debug|Any CPU.ActiveCfg = Debug|Any CPU
		{50799327-D565-4C21-B34E-C00AD66B5BEC}.Debug|Any CPU.Build.0 = Debug|Any CPU
		{50799327-D565-4C21-B34E-C00AD66B5BEC}.Release|Any CPU.ActiveCfg = Release|Any CPU
		{50799327-D565-4C21-B34E-C00AD66B5BEC}.Release|Any CPU.Build.0 = Release|Any CPU
	EndGlobalSection
EndGlobal
